
Microsoft Visual Studio Solution File, Format Version 12.00
# Visual Studio Version 17
VisualStudioVersion = 17.13.35919.96 d17.13
MinimumVisualStudioVersion = 10.0.40219.1
Project("{8BC9CEB8-8B4A-11D0-8D11-00A0C91BC942}") = "IRL2Unity", "IRL2Unity.vcxproj", "{365C902C-EBD0-454E-AAD2-FA7116D2754D}"
EndProject
Global
	GlobalSection(SolutionConfigurationPlatforms) = preSolution
		Debug|x64 = Debug|x64
		Debug|x86 = Debug|x86
		Release|x64 = Release|x64
		Release|x86 = Release|x86
	EndGlobalSection
	GlobalSection(ProjectConfigurationPlatforms) = postSolution
		{365C902C-EBD0-454E-AAD2-FA7116D2754D}.Debug|x64.ActiveCfg = Debug|x64
		{365C902C-EBD0-454E-AAD2-FA7116D2754D}.Debug|x64.Build.0 = Debug|x64
		{365C902C-EBD0-454E-AAD2-FA7116D2754D}.Debug|x86.ActiveCfg = Debug|Win32
		{365C902C-EBD0-454E-AAD2-FA7116D2754D}.Debug|x86.Build.0 = Debug|Win32
		{365C902C-EBD0-454E-AAD2-FA7116D2754D}.Release|x64.ActiveCfg = Release|x64
		{365C902C-EBD0-454E-AAD2-FA7116D2754D}.Release|x64.Build.0 = Release|x64
		{365C902C-EBD0-454E-AAD2-FA7116D2754D}.Release|x86.ActiveCfg = Release|Win32
		{365C902C-EBD0-454E-AAD2-FA7116D2754D}.Release|x86.Build.0 = Release|Win32
	EndGlobalSection
	GlobalSection(SolutionProperties) = preSolution
		HideSolutionNode = FALSE
	EndGlobalSection
	GlobalSection(ExtensibilityGlobals) = postSolution
		SolutionGuid = {8A77762B-A782-442F-AFDC-C5DD0C2229CE}
	EndGlobalSection
EndGlobal
